<?xml version="1.0" encoding="utf-8"?>
<Project ToolsVersion="4.0" xmlns="http://schemas.microsoft.com/developer/msbuild/2003">
  <ItemGroup>
    <ClCompile Include="..\source\DesignExtractor.cpp">
      <Filter>Source</Filter>
    </ClCompile>
    <ClCompile Include="..\source\FileIO.cpp">
      <Filter>Source</Filter>
    </ClCompile>
    <ClCompile Include="..\source\SimpleParser.cpp">
      <Filter>Source</Filter>
    </ClCompile>
    <ClCompile Include="..\source\SPA.cpp">
      <Filter>Source</Filter>
    </ClCompile>
    <ClCompile Include="..\source\Assign.cpp">
      <Filter>Source\PKB</Filter>
    </ClCompile>
    <ClCompile Include="..\source\Expression.cpp">
      <Filter>Source\PKB</Filter>
    </ClCompile>
    <ClCompile Include="..\source\Factor.cpp">
      <Filter>Source\PKB</Filter>
    </ClCompile>
    <ClCompile Include="..\source\PKB.cpp">
      <Filter>Source\PKB</Filter>
    </ClCompile>
    <ClCompile Include="..\source\Procedure.cpp">
      <Filter>Source\PKB</Filter>
    </ClCompile>
    <ClCompile Include="..\source\ProcedureTable.cpp">
      <Filter>Source\PKB</Filter>
    </ClCompile>
    <ClCompile Include="..\source\ProcedureTableProcedure.cpp">
      <Filter>Source\PKB</Filter>
    </ClCompile>
    <ClCompile Include="..\source\Statement.cpp">
      <Filter>Source\PKB</Filter>
    </ClCompile>
    <ClCompile Include="..\source\StatementList.cpp">
      <Filter>Source\PKB</Filter>
    </ClCompile>
    <ClCompile Include="..\source\StatementTable.cpp">
      <Filter>Source\PKB</Filter>
    </ClCompile>
    <ClCompile Include="..\source\StatementTableStatement.cpp">
      <Filter>Source\PKB</Filter>
    </ClCompile>
    <ClCompile Include="..\source\TNode.cpp">
      <Filter>Source\PKB</Filter>
    </ClCompile>
    <ClCompile Include="..\source\VariableTable.cpp">
      <Filter>Source\PKB</Filter>
    </ClCompile>
    <ClCompile Include="..\source\VariableTableVariable.cpp">
      <Filter>Source\PKB</Filter>
    </ClCompile>
    <ClCompile Include="..\source\While.cpp">
      <Filter>Source\PKB</Filter>
    </ClCompile>
    <ClCompile Include="..\source\Preprocessor\Clause.cpp">
      <Filter>Source\Preprocessor</Filter>
    </ClCompile>
    <ClCompile Include="..\source\Preprocessor\DeclarationMap.cpp">
      <Filter>Source\Preprocessor</Filter>
    </ClCompile>
    <ClCompile Include="..\source\Preprocessor\PatternClause.cpp">
      <Filter>Source\Preprocessor</Filter>
    </ClCompile>
    <ClCompile Include="..\source\Preprocessor\Preprocessor.cpp">
      <Filter>Source\Preprocessor</Filter>
    </ClCompile>
    <ClCompile Include="..\source\Preprocessor\QueryTree.cpp">
      <Filter>Source\Preprocessor</Filter>
    </ClCompile>
    <ClCompile Include="..\source\Preprocessor\StringUlti.cpp">
      <Filter>Source\Preprocessor</Filter>
    </ClCompile>
    <ClCompile Include="..\source\Preprocessor\Variable.cpp">
      <Filter>Source\Preprocessor</Filter>
    </ClCompile>
    <ClCompile Include="..\source\DataStructureFunctions.cpp">
      <Filter>Source\PKB</Filter>
    </ClCompile>
    <ClCompile Include="..\source\AST.cpp">
      <Filter>Source\PKB</Filter>
    </ClCompile>
  </ItemGroup>
  <ItemGroup>
    <ClInclude Include="..\source\FileIO.h">
      <Filter>Header</Filter>
    </ClInclude>
    <ClInclude Include="..\source\SimpleParser.h">
      <Filter>Header</Filter>
    </ClInclude>
    <ClInclude Include="..\source\SPA.h">
      <Filter>Header</Filter>
    </ClInclude>
    <ClInclude Include="..\source\Factor.h">
      <Filter>Header\PKB</Filter>
    </ClInclude>
    <ClInclude Include="..\source\Assign.h">
      <Filter>Header\PKB</Filter>
    </ClInclude>
    <ClInclude Include="..\source\Expression.h">
      <Filter>Header\PKB</Filter>
    </ClInclude>
    <ClInclude Include="..\source\ProcedureTableProcedure.h">
      <Filter>Header\PKB</Filter>
    </ClInclude>
    <ClInclude Include="..\source\Procedure.h">
      <Filter>Header\PKB</Filter>
    </ClInclude>
    <ClInclude Include="..\source\ProcedureTable.h">
      <Filter>Header\PKB</Filter>
    </ClInclude>
    <ClInclude Include="..\source\PKB.h">
      <Filter>Header\PKB</Filter>
    </ClInclude>
    <ClInclude Include="..\source\Statement.h">
      <Filter>Header\PKB</Filter>
    </ClInclude>
    <ClInclude Include="..\source\StatementList.h">
      <Filter>Header\PKB</Filter>
    </ClInclude>
    <ClInclude Include="..\source\StatementTable.h">
      <Filter>Header\PKB</Filter>
    </ClInclude>
    <ClInclude Include="..\source\StatementTableStatement.h">
      <Filter>Header\PKB</Filter>
    </ClInclude>
    <ClInclude Include="..\source\TNode.h">
      <Filter>Header\PKB</Filter>
    </ClInclude>
    <ClInclude Include="..\source\TypeDef.h">
      <Filter>Header\PKB</Filter>
    </ClInclude>
    <ClInclude Include="..\source\VariableTable.h">
      <Filter>Header\PKB</Filter>
    </ClInclude>
    <ClInclude Include="..\source\VariableTableVariable.h">
      <Filter>Header\PKB</Filter>
    </ClInclude>
    <ClInclude Include="..\source\While.h">
      <Filter>Header\PKB</Filter>
    </ClInclude>
    <ClInclude Include="..\source\Preprocessor\Clause.h">
      <Filter>Header\Preprocessor</Filter>
    </ClInclude>
    <ClInclude Include="..\source\Preprocessor\DeclarationMap.h">
      <Filter>Header\Preprocessor</Filter>
    </ClInclude>
    <ClInclude Include="..\source\Preprocessor\PatternClause.h">
      <Filter>Header\Preprocessor</Filter>
    </ClInclude>
    <ClInclude Include="..\source\Preprocessor\Preprocessor.h">
      <Filter>Header\Preprocessor</Filter>
    </ClInclude>
    <ClInclude Include="..\source\Preprocessor\QueryTree.h">
      <Filter>Header\Preprocessor</Filter>
    </ClInclude>
    <ClInclude Include="..\source\Preprocessor\StringUlti.h">
      <Filter>Header\Preprocessor</Filter>
    </ClInclude>
    <ClInclude Include="..\source\Preprocessor\Variable.h">
      <Filter>Header\Preprocessor</Filter>
    </ClInclude>
    <ClInclude Include="..\source\DataStructureFunctions.h">
      <Filter>Header\PKB</Filter>
    </ClInclude>
    <ClInclude Include="..\source\AST.h">
      <Filter>Header\PKB</Filter>
    </ClInclude>
  </ItemGroup>
  <ItemGroup>
    <Filter Include="Header">
      <UniqueIdentifier>{95a3c696-f913-4311-ae51-b5ff670a61f9}</UniqueIdentifier>
    </Filter>
    <Filter Include="Source">
      <UniqueIdentifier>{08b0ff08-65ba-4108-b0ea-2da931eb8e5e}</UniqueIdentifier>
    </Filter>
    <Filter Include="Header\PKB">
      <UniqueIdentifier>{2cbee0f5-7dc6-4fe5-95f4-bba50ff80e69}</UniqueIdentifier>
    </Filter>
    <Filter Include="Source\PKB">
      <UniqueIdentifier>{1fc51a76-019b-4834-a0f3-8b45982fc68e}</UniqueIdentifier>
    </Filter>
    <Filter Include="Header\Preprocessor">
      <UniqueIdentifier>{b5fb70f5-a56d-445c-a198-9e7af4cc929b}</UniqueIdentifier>
    </Filter>
    <Filter Include="Source\Preprocessor">
      <UniqueIdentifier>{f6631b6f-ffc5-4601-80db-cf5f1ab95a14}</UniqueIdentifier>
    </Filter>
  </ItemGroup>
</Project>